
Microsoft Visual Studio Solution File, Format Version 12.00
# Visual Studio Version 17
VisualStudioVersion = 17.10.35013.160
MinimumVisualStudioVersion = 10.0.40219.1
Project("{FAE04EC0-301F-11D3-BF4B-00C04F79EFBC}") = "College", "College\College.csproj", "{4BD04ABD-DDFE-413A-8D3D-EB31AD138CF9}"
EndProject
Global
	GlobalSection(SolutionConfigurationPlatforms) = preSolution
		Debug|Any CPU = Debug|Any CPU
		Release|Any CPU = Release|Any CPU
	EndGlobalSection
	GlobalSection(ProjectConfigurationPlatforms) = postSolution
		{4BD04ABD-DDFE-413A-8D3D-EB31AD138CF9}.Debug|Any CPU.ActiveCfg = Debug|Any CPU
		{4BD04ABD-DDFE-413A-8D3D-EB31AD138CF9}.Debug|Any CPU.Build.0 = Debug|Any CPU
		{4BD04ABD-DDFE-413A-8D3D-EB31AD138CF9}.Release|Any CPU.ActiveCfg = Release|Any CPU
		{4BD04ABD-DDFE-413A-8D3D-EB31AD138CF9}.Release|Any CPU.Build.0 = Release|Any CPU
	EndGlobalSection
	GlobalSection(SolutionProperties) = preSolution
		HideSolutionNode = FALSE
	EndGlobalSection
	GlobalSection(ExtensibilityGlobals) = postSolution
		SolutionGuid = {FD061726-5653-4F5E-A994-5CDDC67ABE82}
	EndGlobalSection
EndGlobal
